
Microsoft Visual Studio Solution File, Format Version 12.00
# Visual Studio Version 17
VisualStudioVersion = 17.3.32922.545
MinimumVisualStudioVersion = 10.0.40219.1
Project("{FAE04EC0-301F-11D3-BF4B-00C04F79EFBC}") = "BAU_Project", "BAU_Project.csproj", "{299CA086-E50F-4914-AE91-701734FF5169}"
EndProject
Global
	GlobalSection(SolutionConfigurationPlatforms) = preSolution
		Debug|Any CPU = Debug|Any CPU
		Release|Any CPU = Release|Any CPU
	EndGlobalSection
	GlobalSection(ProjectConfigurationPlatforms) = postSolution
		{299CA086-E50F-4914-AE91-701734FF5169}.Debug|Any CPU.ActiveCfg = Debug|Any CPU
		{299CA086-E50F-4914-AE91-701734FF5169}.Debug|Any CPU.Build.0 = Debug|Any CPU
		{299CA086-E50F-4914-AE91-701734FF5169}.Release|Any CPU.ActiveCfg = Release|Any CPU
		{299CA086-E50F-4914-AE91-701734FF5169}.Release|Any CPU.Build.0 = Release|Any CPU
	EndGlobalSection
	GlobalSection(SolutionProperties) = preSolution
		HideSolutionNode = FALSE
	EndGlobalSection
	GlobalSection(ExtensibilityGlobals) = postSolution
		SolutionGuid = {F2C69FB4-A7CE-40AA-8998-0BE1A9502130}
	EndGlobalSection
EndGlobal
